// !$*UTF8*$!
{
	archiveVersion = 1;
	classes = {
	};
	objectVersion = 56;
	objects = {

/* Begin PBXBuildFile section */
		50F6AE75A5D4E98AD807611D /* Pods_Networking.framework in Frameworks */ = {isa = PBXBuildFile; fileRef = C2839DBE2037125D066E1989 /* Pods_Networking.framework */; };
		5345DC3E2AD057BD000082F4 /* User.swift in Sources */ = {isa = PBXBuildFile; fileRef = 5345DC3D2AD057BD000082F4 /* User.swift */; };
		5345DC422AD05AE4000082F4 /* UserAll.swift in Sources */ = {isa = PBXBuildFile; fileRef = 5345DC412AD05AE4000082F4 /* UserAll.swift */; };
		5345DC442AD06442000082F4 /* NewUser.swift in Sources */ = {isa = PBXBuildFile; fileRef = 5345DC432AD06442000082F4 /* NewUser.swift */; };
		534EA82A2AD9E52F00C3DB91 /* HomeViewController.swift in Sources */ = {isa = PBXBuildFile; fileRef = 534EA8292AD9E52F00C3DB91 /* HomeViewController.swift */; };
		537064F22ADEF31C0046079C /* GoogleService-Info.plist in Resources */ = {isa = PBXBuildFile; fileRef = 537064F12ADEF31C0046079C /* GoogleService-Info.plist */; };
		537D76BD2AE3140C00B8F33D /* FacebookCore in Frameworks */ = {isa = PBXBuildFile; productRef = 537D76BC2AE3140C00B8F33D /* FacebookCore */; };
		537D76BF2AE3140C00B8F33D /* FacebookLogin in Frameworks */ = {isa = PBXBuildFile; productRef = 537D76BE2AE3140C00B8F33D /* FacebookLogin */; };
		537D76C12AE3140C00B8F33D /* FacebookShare in Frameworks */ = {isa = PBXBuildFile; productRef = 537D76C02AE3140C00B8F33D /* FacebookShare */; };
		5396AE192ACF54DD00DCB3DF /* AppDelegate.swift in Sources */ = {isa = PBXBuildFile; fileRef = 5396AE182ACF54DD00DCB3DF /* AppDelegate.swift */; };
		5396AE1B2ACF54DD00DCB3DF /* SceneDelegate.swift in Sources */ = {isa = PBXBuildFile; fileRef = 5396AE1A2ACF54DD00DCB3DF /* SceneDelegate.swift */; };
		5396AE1D2ACF54DD00DCB3DF /* ViewController.swift in Sources */ = {isa = PBXBuildFile; fileRef = 5396AE1C2ACF54DD00DCB3DF /* ViewController.swift */; };
		5396AE202ACF54DD00DCB3DF /* Main.storyboard in Resources */ = {isa = PBXBuildFile; fileRef = 5396AE1E2ACF54DD00DCB3DF /* Main.storyboard */; };
		5396AE232ACF54DD00DCB3DF /* Networking.xcdatamodeld in Sources */ = {isa = PBXBuildFile; fileRef = 5396AE212ACF54DD00DCB3DF /* Networking.xcdatamodeld */; };
		5396AE252ACF54DE00DCB3DF /* Assets.xcassets in Resources */ = {isa = PBXBuildFile; fileRef = 5396AE242ACF54DE00DCB3DF /* Assets.xcassets */; };
		5396AE282ACF54DE00DCB3DF /* LaunchScreen.storyboard in Resources */ = {isa = PBXBuildFile; fileRef = 5396AE262ACF54DE00DCB3DF /* LaunchScreen.storyboard */; };
		5396AE312ACF55B100DCB3DF /* Alamofire in Frameworks */ = {isa = PBXBuildFile; productRef = 5396AE302ACF55B100DCB3DF /* Alamofire */; };
		5396AE332ACF560800DCB3DF /* NetworkingProvider.swift in Sources */ = {isa = PBXBuildFile; fileRef = 5396AE322ACF560800DCB3DF /* NetworkingProvider.swift */; };
		539B6B432AD4A1C400E42EDB /* SwiftyJSON in Frameworks */ = {isa = PBXBuildFile; productRef = 539B6B422AD4A1C400E42EDB /* SwiftyJSON */; };
		539B6B452AD4A1FB00E42EDB /* NetworkViewModel.swift in Sources */ = {isa = PBXBuildFile; fileRef = 539B6B442AD4A1FB00E42EDB /* NetworkViewModel.swift */; };
/* End PBXBuildFile section */

/* Begin PBXFileReference section */
		5345DC3D2AD057BD000082F4 /* User.swift */ = {isa = PBXFileReference; lastKnownFileType = sourcecode.swift; path = User.swift; sourceTree = "<group>"; };
		5345DC412AD05AE4000082F4 /* UserAll.swift */ = {isa = PBXFileReference; lastKnownFileType = sourcecode.swift; path = UserAll.swift; sourceTree = "<group>"; };
		5345DC432AD06442000082F4 /* NewUser.swift */ = {isa = PBXFileReference; lastKnownFileType = sourcecode.swift; path = NewUser.swift; sourceTree = "<group>"; };
		534EA8292AD9E52F00C3DB91 /* HomeViewController.swift */ = {isa = PBXFileReference; lastKnownFileType = sourcecode.swift; path = HomeViewController.swift; sourceTree = "<group>"; };
		537064F12ADEF31C0046079C /* GoogleService-Info.plist */ = {isa = PBXFileReference; fileEncoding = 4; lastKnownFileType = text.plist.xml; name = "GoogleService-Info.plist"; path = "../../../../Downloads/GoogleService-Info.plist"; sourceTree = "<group>"; };
		537D76C22AE31AC100B8F33D /* Networking.entitlements */ = {isa = PBXFileReference; lastKnownFileType = text.plist.entitlements; path = Networking.entitlements; sourceTree = "<group>"; };
		5396AE152ACF54DD00DCB3DF /* Networking.app */ = {isa = PBXFileReference; explicitFileType = wrapper.application; includeInIndex = 0; path = Networking.app; sourceTree = BUILT_PRODUCTS_DIR; };
		5396AE182ACF54DD00DCB3DF /* AppDelegate.swift */ = {isa = PBXFileReference; lastKnownFileType = sourcecode.swift; path = AppDelegate.swift; sourceTree = "<group>"; };
		5396AE1A2ACF54DD00DCB3DF /* SceneDelegate.swift */ = {isa = PBXFileReference; lastKnownFileType = sourcecode.swift; path = SceneDelegate.swift; sourceTree = "<group>"; };
		5396AE1C2ACF54DD00DCB3DF /* ViewController.swift */ = {isa = PBXFileReference; lastKnownFileType = sourcecode.swift; path = ViewController.swift; sourceTree = "<group>"; };
		5396AE1F2ACF54DD00DCB3DF /* Base */ = {isa = PBXFileReference; lastKnownFileType = file.storyboard; name = Base; path = Base.lproj/Main.storyboard; sourceTree = "<group>"; };
		5396AE222ACF54DD00DCB3DF /* Networking.xcdatamodel */ = {isa = PBXFileReference; lastKnownFileType = wrapper.xcdatamodel; path = Networking.xcdatamodel; sourceTree = "<group>"; };
		5396AE242ACF54DE00DCB3DF /* Assets.xcassets */ = {isa = PBXFileReference; lastKnownFileType = folder.assetcatalog; path = Assets.xcassets; sourceTree = "<group>"; };
		5396AE272ACF54DE00DCB3DF /* Base */ = {isa = PBXFileReference; lastKnownFileType = file.storyboard; name = Base; path = Base.lproj/LaunchScreen.storyboard; sourceTree = "<group>"; };
		5396AE292ACF54DE00DCB3DF /* Info.plist */ = {isa = PBXFileReference; lastKnownFileType = text.plist.xml; path = Info.plist; sourceTree = "<group>"; };
		5396AE322ACF560800DCB3DF /* NetworkingProvider.swift */ = {isa = PBXFileReference; lastKnownFileType = sourcecode.swift; path = NetworkingProvider.swift; sourceTree = "<group>"; };
		539B6B442AD4A1FB00E42EDB /* NetworkViewModel.swift */ = {isa = PBXFileReference; lastKnownFileType = sourcecode.swift; path = NetworkViewModel.swift; sourceTree = "<group>"; };
		80974B965A06A87442B65055 /* Pods-Networking.debug.xcconfig */ = {isa = PBXFileReference; includeInIndex = 1; lastKnownFileType = text.xcconfig; name = "Pods-Networking.debug.xcconfig"; path = "Target Support Files/Pods-Networking/Pods-Networking.debug.xcconfig"; sourceTree = "<group>"; };
		9F6A5CEDA9AFE4839FD953A0 /* Pods-Networking.release.xcconfig */ = {isa = PBXFileReference; includeInIndex = 1; lastKnownFileType = text.xcconfig; name = "Pods-Networking.release.xcconfig"; path = "Target Support Files/Pods-Networking/Pods-Networking.release.xcconfig"; sourceTree = "<group>"; };
		C2839DBE2037125D066E1989 /* Pods_Networking.framework */ = {isa = PBXFileReference; explicitFileType = wrapper.framework; includeInIndex = 0; path = Pods_Networking.framework; sourceTree = BUILT_PRODUCTS_DIR; };
/* End PBXFileReference section */

/* Begin PBXFrameworksBuildPhase section */
		5396AE122ACF54DD00DCB3DF /* Frameworks */ = {
			isa = PBXFrameworksBuildPhase;
			buildActionMask = 2147483647;
			files = (
				537D76BF2AE3140C00B8F33D /* FacebookLogin in Frameworks */,
				539B6B432AD4A1C400E42EDB /* SwiftyJSON in Frameworks */,
				537D76C12AE3140C00B8F33D /* FacebookShare in Frameworks */,
				5396AE312ACF55B100DCB3DF /* Alamofire in Frameworks */,
				50F6AE75A5D4E98AD807611D /* Pods_Networking.framework in Frameworks */,
				537D76BD2AE3140C00B8F33D /* FacebookCore in Frameworks */,
			);
			runOnlyForDeploymentPostprocessing = 0;
		};
/* End PBXFrameworksBuildPhase section */

/* Begin PBXGroup section */
		5396AE0C2ACF54DD00DCB3DF = {
			isa = PBXGroup;
			children = (
				5396AE172ACF54DD00DCB3DF /* Networking */,
				5396AE162ACF54DD00DCB3DF /* Products */,
				652CA983822EF3593325B967 /* Pods */,
				70157EB6F0D5FBF6707BDE41 /* Frameworks */,
			);
			sourceTree = "<group>";
		};
		5396AE162ACF54DD00DCB3DF /* Products */ = {
			isa = PBXGroup;
			children = (
				5396AE152ACF54DD00DCB3DF /* Networking.app */,
			);
			name = Products;
			sourceTree = "<group>";
		};
		5396AE172ACF54DD00DCB3DF /* Networking */ = {
			isa = PBXGroup;
			children = (
				537D76C22AE31AC100B8F33D /* Networking.entitlements */,
				539B6B3E2AD49E6400E42EDB /* View */,
				539B6B3F2AD49E7A00E42EDB /* Controller */,
				539B6B402AD49E8800E42EDB /* ViewModel */,
				5396AE342ACF575600DCB3DF /* Network */,
				5396AE182ACF54DD00DCB3DF /* AppDelegate.swift */,
				5396AE1A2ACF54DD00DCB3DF /* SceneDelegate.swift */,
				5396AE242ACF54DE00DCB3DF /* Assets.xcassets */,
				5396AE262ACF54DE00DCB3DF /* LaunchScreen.storyboard */,
				5396AE292ACF54DE00DCB3DF /* Info.plist */,
				537064F12ADEF31C0046079C /* GoogleService-Info.plist */,
				5396AE212ACF54DD00DCB3DF /* Networking.xcdatamodeld */,
			);
			path = Networking;
			sourceTree = "<group>";
		};
		5396AE342ACF575600DCB3DF /* Network */ = {
			isa = PBXGroup;
			children = (
				5396AE362ACF578100DCB3DF /* Model */,
				5396AE322ACF560800DCB3DF /* NetworkingProvider.swift */,
			);
			path = Network;
			sourceTree = "<group>";
		};
		5396AE362ACF578100DCB3DF /* Model */ = {
			isa = PBXGroup;
			children = (
				5345DC3D2AD057BD000082F4 /* User.swift */,
				5345DC412AD05AE4000082F4 /* UserAll.swift */,
				5345DC432AD06442000082F4 /* NewUser.swift */,
			);
			path = Model;
			sourceTree = "<group>";
		};
		539B6B3E2AD49E6400E42EDB /* View */ = {
			isa = PBXGroup;
			children = (
				5396AE1E2ACF54DD00DCB3DF /* Main.storyboard */,
			);
			path = View;
			sourceTree = "<group>";
		};
		539B6B3F2AD49E7A00E42EDB /* Controller */ = {
			isa = PBXGroup;
			children = (
				5396AE1C2ACF54DD00DCB3DF /* ViewController.swift */,
				534EA8292AD9E52F00C3DB91 /* HomeViewController.swift */,
			);
			path = Controller;
			sourceTree = "<group>";
		};
		539B6B402AD49E8800E42EDB /* ViewModel */ = {
			isa = PBXGroup;
			children = (
				539B6B442AD4A1FB00E42EDB /* NetworkViewModel.swift */,
			);
			path = ViewModel;
			sourceTree = "<group>";
		};
		652CA983822EF3593325B967 /* Pods */ = {
			isa = PBXGroup;
			children = (
				80974B965A06A87442B65055 /* Pods-Networking.debug.xcconfig */,
				9F6A5CEDA9AFE4839FD953A0 /* Pods-Networking.release.xcconfig */,
			);
			path = Pods;
			sourceTree = "<group>";
		};
		70157EB6F0D5FBF6707BDE41 /* Frameworks */ = {
			isa = PBXGroup;
			children = (
				C2839DBE2037125D066E1989 /* Pods_Networking.framework */,
			);
			name = Frameworks;
			sourceTree = "<group>";
		};
/* End PBXGroup section */

/* Begin PBXNativeTarget section */
		5396AE142ACF54DD00DCB3DF /* Networking */ = {
			isa = PBXNativeTarget;
			buildConfigurationList = 5396AE2C2ACF54DE00DCB3DF /* Build configuration list for PBXNativeTarget "Networking" */;
			buildPhases = (
				914775960494D82BBDEEA99A /* [CP] Check Pods Manifest.lock */,
				5396AE112ACF54DD00DCB3DF /* Sources */,
				5396AE122ACF54DD00DCB3DF /* Frameworks */,
				5396AE132ACF54DD00DCB3DF /* Resources */,
				5F3970DCA8A2044DDB2D913E /* [CP] Embed Pods Frameworks */,
			);
			buildRules = (
			);
			dependencies = (
			);
			name = Networking;
			packageProductDependencies = (
				5396AE302ACF55B100DCB3DF /* Alamofire */,
				539B6B422AD4A1C400E42EDB /* SwiftyJSON */,
				537D76BC2AE3140C00B8F33D /* FacebookCore */,
				537D76BE2AE3140C00B8F33D /* FacebookLogin */,
				537D76C02AE3140C00B8F33D /* FacebookShare */,
			);
			productName = Networking;
			productReference = 5396AE152ACF54DD00DCB3DF /* Networking.app */;
			productType = "com.apple.product-type.application";
		};
/* End PBXNativeTarget section */

/* Begin PBXProject section */
		5396AE0D2ACF54DD00DCB3DF /* Project object */ = {
			isa = PBXProject;
			attributes = {
				BuildIndependentTargetsInParallel = 1;
				LastSwiftUpdateCheck = 1500;
				LastUpgradeCheck = 1500;
				TargetAttributes = {
					5396AE142ACF54DD00DCB3DF = {
						CreatedOnToolsVersion = 15.0;
					};
				};
			};
			buildConfigurationList = 5396AE102ACF54DD00DCB3DF /* Build configuration list for PBXProject "Networking" */;
			compatibilityVersion = "Xcode 14.0";
			developmentRegion = en;
			hasScannedForEncodings = 0;
			knownRegions = (
				en,
				Base,
			);
			mainGroup = 5396AE0C2ACF54DD00DCB3DF;
			packageReferences = (
				5396AE2F2ACF55B100DCB3DF /* XCRemoteSwiftPackageReference "Alamofire" */,
				539B6B412AD4A1C400E42EDB /* XCRemoteSwiftPackageReference "SwiftyJSON" */,
				537D76BB2AE3140C00B8F33D /* XCRemoteSwiftPackageReference "facebook-ios-sdk" */,
			);
			productRefGroup = 5396AE162ACF54DD00DCB3DF /* Products */;
			projectDirPath = "";
			projectRoot = "";
			targets = (
				5396AE142ACF54DD00DCB3DF /* Networking */,
			);
		};
/* End PBXProject section */

/* Begin PBXResourcesBuildPhase section */
		5396AE132ACF54DD00DCB3DF /* Resources */ = {
			isa = PBXResourcesBuildPhase;
			buildActionMask = 2147483647;
			files = (
				5396AE282ACF54DE00DCB3DF /* LaunchScreen.storyboard in Resources */,
				537064F22ADEF31C0046079C /* GoogleService-Info.plist in Resources */,
				5396AE252ACF54DE00DCB3DF /* Assets.xcassets in Resources */,
				5396AE202ACF54DD00DCB3DF /* Main.storyboard in Resources */,
			);
			runOnlyForDeploymentPostprocessing = 0;
		};
/* End PBXResourcesBuildPhase section */

/* Begin PBXShellScriptBuildPhase section */
		5F3970DCA8A2044DDB2D913E /* [CP] Embed Pods Frameworks */ = {
			isa = PBXShellScriptBuildPhase;
			buildActionMask = 2147483647;
			files = (
			);
			inputFileListPaths = (
				"${PODS_ROOT}/Target Support Files/Pods-Networking/Pods-Networking-frameworks-${CONFIGURATION}-input-files.xcfilelist",
			);
			name = "[CP] Embed Pods Frameworks";
			outputFileListPaths = (
				"${PODS_ROOT}/Target Support Files/Pods-Networking/Pods-Networking-frameworks-${CONFIGURATION}-output-files.xcfilelist",
			);
			runOnlyForDeploymentPostprocessing = 0;
			shellPath = /bin/sh;
			shellScript = "\"${PODS_ROOT}/Target Support Files/Pods-Networking/Pods-Networking-frameworks.sh\"\n";
			showEnvVarsInLog = 0;
		};
		914775960494D82BBDEEA99A /* [CP] Check Pods Manifest.lock */ = {
			isa = PBXShellScriptBuildPhase;
			buildActionMask = 2147483647;
			files = (
			);
			inputFileListPaths = (
			);
			inputPaths = (
				"${PODS_PODFILE_DIR_PATH}/Podfile.lock",
				"${PODS_ROOT}/Manifest.lock",
			);
			name = "[CP] Check Pods Manifest.lock";
			outputFileListPaths = (
			);
			outputPaths = (
				"$(DERIVED_FILE_DIR)/Pods-Networking-checkManifestLockResult.txt",
			);
			runOnlyForDeploymentPostprocessing = 0;
			shellPath = /bin/sh;
			shellScript = "diff \"${PODS_PODFILE_DIR_PATH}/Podfile.lock\" \"${PODS_ROOT}/Manifest.lock\" > /dev/null\nif [ $? != 0 ] ; then\n    # print error to STDERR\n    echo \"error: The sandbox is not in sync with the Podfile.lock. Run 'pod install' or update your CocoaPods installation.\" >&2\n    exit 1\nfi\n# This output is used by Xcode 'outputs' to avoid re-running this script phase.\necho \"SUCCESS\" > \"${SCRIPT_OUTPUT_FILE_0}\"\n";
			showEnvVarsInLog = 0;
		};
/* End PBXShellScriptBuildPhase section */

/* Begin PBXSourcesBuildPhase section */
		5396AE112ACF54DD00DCB3DF /* Sources */ = {
			isa = PBXSourcesBuildPhase;
			buildActionMask = 2147483647;
			files = (
				5396AE1D2ACF54DD00DCB3DF /* ViewController.swift in Sources */,
				5345DC442AD06442000082F4 /* NewUser.swift in Sources */,
				5396AE192ACF54DD00DCB3DF /* AppDelegate.swift in Sources */,
				5345DC3E2AD057BD000082F4 /* User.swift in Sources */,
				539B6B452AD4A1FB00E42EDB /* NetworkViewModel.swift in Sources */,
				534EA82A2AD9E52F00C3DB91 /* HomeViewController.swift in Sources */,
				5396AE1B2ACF54DD00DCB3DF /* SceneDelegate.swift in Sources */,
				5345DC422AD05AE4000082F4 /* UserAll.swift in Sources */,
				5396AE332ACF560800DCB3DF /* NetworkingProvider.swift in Sources */,
				5396AE232ACF54DD00DCB3DF /* Networking.xcdatamodeld in Sources */,
			);
			runOnlyForDeploymentPostprocessing = 0;
		};
/* End PBXSourcesBuildPhase section */

/* Begin PBXVariantGroup section */
		5396AE1E2ACF54DD00DCB3DF /* Main.storyboard */ = {
			isa = PBXVariantGroup;
			children = (
				5396AE1F2ACF54DD00DCB3DF /* Base */,
			);
			name = Main.storyboard;
			sourceTree = "<group>";
		};
		5396AE262ACF54DE00DCB3DF /* LaunchScreen.storyboard */ = {
			isa = PBXVariantGroup;
			children = (
				5396AE272ACF54DE00DCB3DF /* Base */,
			);
			name = LaunchScreen.storyboard;
			sourceTree = "<group>";
		};
/* End PBXVariantGroup section */

/* Begin XCBuildConfiguration section */
		5396AE2A2ACF54DE00DCB3DF /* Debug */ = {
			isa = XCBuildConfiguration;
			buildSettings = {
				ALWAYS_SEARCH_USER_PATHS = NO;
				ASSETCATALOG_COMPILER_GENERATE_SWIFT_ASSET_SYMBOL_EXTENSIONS = YES;
				CLANG_ANALYZER_NONNULL = YES;
				CLANG_ANALYZER_NUMBER_OBJECT_CONVERSION = YES_AGGRESSIVE;
				CLANG_CXX_LANGUAGE_STANDARD = "gnu++20";
				CLANG_ENABLE_MODULES = YES;
				CLANG_ENABLE_OBJC_ARC = YES;
				CLANG_ENABLE_OBJC_WEAK = YES;
				CLANG_WARN_BLOCK_CAPTURE_AUTORELEASING = YES;
				CLANG_WARN_BOOL_CONVERSION = YES;
				CLANG_WARN_COMMA = YES;
				CLANG_WARN_CONSTANT_CONVERSION = YES;
				CLANG_WARN_DEPRECATED_OBJC_IMPLEMENTATIONS = YES;
				CLANG_WARN_DIRECT_OBJC_ISA_USAGE = YES_ERROR;
				CLANG_WARN_DOCUMENTATION_COMMENTS = YES;
				CLANG_WARN_EMPTY_BODY = YES;
				CLANG_WARN_ENUM_CONVERSION = YES;
				CLANG_WARN_INFINITE_RECURSION = YES;
				CLANG_WARN_INT_CONVERSION = YES;
				CLANG_WARN_NON_LITERAL_NULL_CONVERSION = YES;
				CLANG_WARN_OBJC_IMPLICIT_RETAIN_SELF = YES;
				CLANG_WARN_OBJC_LITERAL_CONVERSION = YES;
				CLANG_WARN_OBJC_ROOT_CLASS = YES_ERROR;
				CLANG_WARN_QUOTED_INCLUDE_IN_FRAMEWORK_HEADER = YES;
				CLANG_WARN_RANGE_LOOP_ANALYSIS = YES;
				CLANG_WARN_STRICT_PROTOTYPES = YES;
				CLANG_WARN_SUSPICIOUS_MOVE = YES;
				CLANG_WARN_UNGUARDED_AVAILABILITY = YES_AGGRESSIVE;
				CLANG_WARN_UNREACHABLE_CODE = YES;
				CLANG_WARN__DUPLICATE_METHOD_MATCH = YES;
				COPY_PHASE_STRIP = NO;
				DEBUG_INFORMATION_FORMAT = dwarf;
				ENABLE_STRICT_OBJC_MSGSEND = YES;
				ENABLE_TESTABILITY = YES;
				ENABLE_USER_SCRIPT_SANDBOXING = NO;
				GCC_C_LANGUAGE_STANDARD = gnu17;
				GCC_DYNAMIC_NO_PIC = NO;
				GCC_NO_COMMON_BLOCKS = YES;
				GCC_OPTIMIZATION_LEVEL = 0;
				GCC_PREPROCESSOR_DEFINITIONS = (
					"DEBUG=1",
					"$(inherited)",
				);
				GCC_WARN_64_TO_32_BIT_CONVERSION = YES;
				GCC_WARN_ABOUT_RETURN_TYPE = YES_ERROR;
				GCC_WARN_UNDECLARED_SELECTOR = YES;
				GCC_WARN_UNINITIALIZED_AUTOS = YES_AGGRESSIVE;
				GCC_WARN_UNUSED_FUNCTION = YES;
				GCC_WARN_UNUSED_VARIABLE = YES;
				IPHONEOS_DEPLOYMENT_TARGET = 17.0;
				LOCALIZATION_PREFERS_STRING_CATALOGS = YES;
				MTL_ENABLE_DEBUG_INFO = INCLUDE_SOURCE;
				MTL_FAST_MATH = YES;
				ONLY_ACTIVE_ARCH = YES;
				SDKROOT = iphoneos;
				SWIFT_ACTIVE_COMPILATION_CONDITIONS = "DEBUG $(inherited)";
				SWIFT_OPTIMIZATION_LEVEL = "-Onone";
			};
			name = Debug;
		};
		5396AE2B2ACF54DE00DCB3DF /* Release */ = {
			isa = XCBuildConfiguration;
			buildSettings = {
				ALWAYS_SEARCH_USER_PATHS = NO;
				ASSETCATALOG_COMPILER_GENERATE_SWIFT_ASSET_SYMBOL_EXTENSIONS = YES;
				CLANG_ANALYZER_NONNULL = YES;
				CLANG_ANALYZER_NUMBER_OBJECT_CONVERSION = YES_AGGRESSIVE;
				CLANG_CXX_LANGUAGE_STANDARD = "gnu++20";
				CLANG_ENABLE_MODULES = YES;
				CLANG_ENABLE_OBJC_ARC = YES;
				CLANG_ENABLE_OBJC_WEAK = YES;
				CLANG_WARN_BLOCK_CAPTURE_AUTORELEASING = YES;
				CLANG_WARN_BOOL_CONVERSION = YES;
				CLANG_WARN_COMMA = YES;
				CLANG_WARN_CONSTANT_CONVERSION = YES;
				CLANG_WARN_DEPRECATED_OBJC_IMPLEMENTATIONS = YES;
				CLANG_WARN_DIRECT_OBJC_ISA_USAGE = YES_ERROR;
				CLANG_WARN_DOCUMENTATION_COMMENTS = YES;
				CLANG_WARN_EMPTY_BODY = YES;
				CLANG_WARN_ENUM_CONVERSION = YES;
				CLANG_WARN_INFINITE_RECURSION = YES;
				CLANG_WARN_INT_CONVERSION = YES;
				CLANG_WARN_NON_LITERAL_NULL_CONVERSION = YES;
				CLANG_WARN_OBJC_IMPLICIT_RETAIN_SELF = YES;
				CLANG_WARN_OBJC_LITERAL_CONVERSION = YES;
				CLANG_WARN_OBJC_ROOT_CLASS = YES_ERROR;
				CLANG_WARN_QUOTED_INCLUDE_IN_FRAMEWORK_HEADER = YES;
				CLANG_WARN_RANGE_LOOP_ANALYSIS = YES;
				CLANG_WARN_STRICT_PROTOTYPES = YES;
				CLANG_WARN_SUSPICIOUS_MOVE = YES;
				CLANG_WARN_UNGUARDED_AVAILABILITY = YES_AGGRESSIVE;
				CLANG_WARN_UNREACHABLE_CODE = YES;
				CLANG_WARN__DUPLICATE_METHOD_MATCH = YES;
				COPY_PHASE_STRIP = NO;
				DEBUG_INFORMATION_FORMAT = "dwarf-with-dsym";
				ENABLE_NS_ASSERTIONS = NO;
				ENABLE_STRICT_OBJC_MSGSEND = YES;
				ENABLE_USER_SCRIPT_SANDBOXING = NO;
				GCC_C_LANGUAGE_STANDARD = gnu17;
				GCC_NO_COMMON_BLOCKS = YES;
				GCC_WARN_64_TO_32_BIT_CONVERSION = YES;
				GCC_WARN_ABOUT_RETURN_TYPE = YES_ERROR;
				GCC_WARN_UNDECLARED_SELECTOR = YES;
				GCC_WARN_UNINITIALIZED_AUTOS = YES_AGGRESSIVE;
				GCC_WARN_UNUSED_FUNCTION = YES;
				GCC_WARN_UNUSED_VARIABLE = YES;
				IPHONEOS_DEPLOYMENT_TARGET = 17.0;
				LOCALIZATION_PREFERS_STRING_CATALOGS = YES;
				MTL_ENABLE_DEBUG_INFO = NO;
				MTL_FAST_MATH = YES;
				SDKROOT = iphoneos;
				SWIFT_COMPILATION_MODE = wholemodule;
				VALIDATE_PRODUCT = YES;
			};
			name = Release;
		};
		5396AE2D2ACF54DE00DCB3DF /* Debug */ = {
			isa = XCBuildConfiguration;
			baseConfigurationReference = 80974B965A06A87442B65055 /* Pods-Networking.debug.xcconfig */;
			buildSettings = {
				ASSETCATALOG_COMPILER_APPICON_NAME = AppIcon;
				ASSETCATALOG_COMPILER_GLOBAL_ACCENT_COLOR_NAME = AccentColor;
				CODE_SIGN_ENTITLEMENTS = Networking/Networking.entitlements;
				CODE_SIGN_STYLE = Automatic;
				CURRENT_PROJECT_VERSION = 1;
				ENABLE_USER_SCRIPT_SANDBOXING = NO;
				GENERATE_INFOPLIST_FILE = YES;
				INFOPLIST_FILE = Networking/Info.plist;
				INFOPLIST_KEY_UIApplicationSupportsIndirectInputEvents = YES;
				INFOPLIST_KEY_UILaunchStoryboardName = LaunchScreen;
				INFOPLIST_KEY_UIMainStoryboardFile = Main;
				INFOPLIST_KEY_UISupportedInterfaceOrientations_iPad = "UIInterfaceOrientationPortrait UIInterfaceOrientationPortraitUpsideDown UIInterfaceOrientationLandscapeLeft UIInterfaceOrientationLandscapeRight";
				INFOPLIST_KEY_UISupportedInterfaceOrientations_iPhone = "UIInterfaceOrientationPortrait UIInterfaceOrientationLandscapeLeft UIInterfaceOrientationLandscapeRight";
				LD_RUNPATH_SEARCH_PATHS = (
					"$(inherited)",
					"@executable_path/Frameworks",
				);
				MARKETING_VERSION = 1.0;
				PRODUCT_BUNDLE_IDENTIFIER = com.calculater.Networking;
				PRODUCT_NAME = "$(TARGET_NAME)";
				SWIFT_EMIT_LOC_STRINGS = YES;
				SWIFT_VERSION = 5.0;
				TARGETED_DEVICE_FAMILY = "1,2";
			};
			name = Debug;
		};
		5396AE2E2ACF54DE00DCB3DF /* Release */ = {
			isa = XCBuildConfiguration;
			baseConfigurationReference = 9F6A5CEDA9AFE4839FD953A0 /* Pods-Networking.release.xcconfig */;
			buildSettings = {
				ASSETCATALOG_COMPILER_APPICON_NAME = AppIcon;
				ASSETCATALOG_COMPILER_GLOBAL_ACCENT_COLOR_NAME = AccentColor;
				CODE_SIGN_ENTITLEMENTS = Networking/Networking.entitlements;
				CODE_SIGN_STYLE = Automatic;
				CURRENT_PROJECT_VERSION = 1;
				ENABLE_USER_SCRIPT_SANDBOXING = NO;
				GENERATE_INFOPLIST_FILE = YES;
				INFOPLIST_FILE = Networking/Info.plist;
				INFOPLIST_KEY_UIApplicationSupportsIndirectInputEvents = YES;
				INFOPLIST_KEY_UILaunchStoryboardName = LaunchScreen;
				INFOPLIST_KEY_UIMainStoryboardFile = Main;
				INFOPLIST_KEY_UISupportedInterfaceOrientations_iPad = "UIInterfaceOrientationPortrait UIInterfaceOrientationPortraitUpsideDown UIInterfaceOrientationLandscapeLeft UIInterfaceOrientationLandscapeRight";
				INFOPLIST_KEY_UISupportedInterfaceOrientations_iPhone = "UIInterfaceOrientationPortrait UIInterfaceOrientationLandscapeLeft UIInterfaceOrientationLandscapeRight";
				LD_RUNPATH_SEARCH_PATHS = (
					"$(inherited)",
					"@executable_path/Frameworks",
				);
				MARKETING_VERSION = 1.0;
				PRODUCT_BUNDLE_IDENTIFIER = com.calculater.Networking;
				PRODUCT_NAME = "$(TARGET_NAME)";
				SWIFT_EMIT_LOC_STRINGS = YES;
				SWIFT_VERSION = 5.0;
				TARGETED_DEVICE_FAMILY = "1,2";
			};
			name = Release;
		};
/* End XCBuildConfiguration section */

/* Begin XCConfigurationList section */
		5396AE102ACF54DD00DCB3DF /* Build configuration list for PBXProject "Networking" */ = {
			isa = XCConfigurationList;
			buildConfigurations = (
				5396AE2A2ACF54DE00DCB3DF /* Debug */,
				5396AE2B2ACF54DE00DCB3DF /* Release */,
			);
			defaultConfigurationIsVisible = 0;
			defaultConfigurationName = Release;
		};
		5396AE2C2ACF54DE00DCB3DF /* Build configuration list for PBXNativeTarget "Networking" */ = {
			isa = XCConfigurationList;
			buildConfigurations = (
				5396AE2D2ACF54DE00DCB3DF /* Debug */,
				5396AE2E2ACF54DE00DCB3DF /* Release */,
			);
			defaultConfigurationIsVisible = 0;
			defaultConfigurationName = Release;
		};
/* End XCConfigurationList section */

/* Begin XCRemoteSwiftPackageReference section */
		537D76BB2AE3140C00B8F33D /* XCRemoteSwiftPackageReference "facebook-ios-sdk" */ = {
			isa = XCRemoteSwiftPackageReference;
			repositoryURL = "https://github.com/facebook/facebook-ios-sdk";
			requirement = {
				kind = upToNextMajorVersion;
				minimumVersion = 14.1.0;
			};
		};
		5396AE2F2ACF55B100DCB3DF /* XCRemoteSwiftPackageReference "Alamofire" */ = {
			isa = XCRemoteSwiftPackageReference;
			repositoryURL = "https://github.com/Alamofire/Alamofire.git";
			requirement = {
				kind = upToNextMajorVersion;
				minimumVersion = 5.8.0;
			};
		};
		539B6B412AD4A1C400E42EDB /* XCRemoteSwiftPackageReference "SwiftyJSON" */ = {
			isa = XCRemoteSwiftPackageReference;
			repositoryURL = "https://github.com/SwiftyJSON/SwiftyJSON.git";
			requirement = {
				kind = upToNextMajorVersion;
				minimumVersion = 5.0.1;
			};
		};
/* End XCRemoteSwiftPackageReference section */

/* Begin XCSwiftPackageProductDependency section */
		537D76BC2AE3140C00B8F33D /* FacebookCore */ = {
			isa = XCSwiftPackageProductDependency;
			package = 537D76BB2AE3140C00B8F33D /* XCRemoteSwiftPackageReference "facebook-ios-sdk" */;
			productName = FacebookCore;
		};
		537D76BE2AE3140C00B8F33D /* FacebookLogin */ = {
			isa = XCSwiftPackageProductDependency;
			package = 537D76BB2AE3140C00B8F33D /* XCRemoteSwiftPackageReference "facebook-ios-sdk" */;
			productName = FacebookLogin;
		};
		537D76C02AE3140C00B8F33D /* FacebookShare */ = {
			isa = XCSwiftPackageProductDependency;
			package = 537D76BB2AE3140C00B8F33D /* XCRemoteSwiftPackageReference "facebook-ios-sdk" */;
			productName = FacebookShare;
		};
		5396AE302ACF55B100DCB3DF /* Alamofire */ = {
			isa = XCSwiftPackageProductDependency;
			package = 5396AE2F2ACF55B100DCB3DF /* XCRemoteSwiftPackageReference "Alamofire" */;
			productName = Alamofire;
		};
		539B6B422AD4A1C400E42EDB /* SwiftyJSON */ = {
			isa = XCSwiftPackageProductDependency;
			package = 539B6B412AD4A1C400E42EDB /* XCRemoteSwiftPackageReference "SwiftyJSON" */;
			productName = SwiftyJSON;
		};
/* End XCSwiftPackageProductDependency section */

/* Begin XCVersionGroup section */
		5396AE212ACF54DD00DCB3DF /* Networking.xcdatamodeld */ = {
			isa = XCVersionGroup;
			children = (
				5396AE222ACF54DD00DCB3DF /* Networking.xcdatamodel */,
			);
			currentVersion = 5396AE222ACF54DD00DCB3DF /* Networking.xcdatamodel */;
			path = Networking.xcdatamodeld;
			sourceTree = "<group>";
			versionGroupType = wrapper.xcdatamodel;
		};
/* End XCVersionGroup section */
	};
	rootObject = 5396AE0D2ACF54DD00DCB3DF /* Project object */;
}
